
Microsoft Visual Studio Solution File, Format Version 12.00
# Visual Studio 15
VisualStudioVersion = 15.0.27130.2003
MinimumVisualStudioVersion = 10.0.40219.1
Project("{FAE04EC0-301F-11D3-BF4B-00C04F79EFBC}") = "GraphConsoleAppV3", "GraphConsoleAppV3\GraphConsoleAppV3.csproj", "{37BC6420-F8CD-421B-B551-8132247C1AB0}"
EndProject
Project("{FAE04EC0-301F-11D3-BF4B-00C04F79EFBC}") = "AzureAD", "AzureAD\AzureAD.csproj", "{E281E8D4-B1AD-4F93-8581-C6FAFAFC7173}"
EndProject
Project("{FAE04EC0-301F-11D3-BF4B-00C04F79EFBC}") = "AzureAD2", "AzureAD2\AzureAD2.csproj", "{8D8632CC-6E49-4D47-80B6-C313553C7F72}"
EndProject
Project("{FAE04EC0-301F-11D3-BF4B-00C04F79EFBC}") = "AzureADAccess", "AzureADAccess\AzureADAccess.csproj", "{AE442C88-1146-48E7-9A7F-8DCE4136A102}"
EndProject
Global
	GlobalSection(SolutionConfigurationPlatforms) = preSolution
		Debug|Any CPU = Debug|Any CPU
		Release|Any CPU = Release|Any CPU
	EndGlobalSection
	GlobalSection(ProjectConfigurationPlatforms) = postSolution
		{37BC6420-F8CD-421B-B551-8132247C1AB0}.Debug|Any CPU.ActiveCfg = Debug|Any CPU
		{37BC6420-F8CD-421B-B551-8132247C1AB0}.Debug|Any CPU.Build.0 = Debug|Any CPU
		{37BC6420-F8CD-421B-B551-8132247C1AB0}.Release|Any CPU.ActiveCfg = Release|Any CPU
		{37BC6420-F8CD-421B-B551-8132247C1AB0}.Release|Any CPU.Build.0 = Release|Any CPU
		{E281E8D4-B1AD-4F93-8581-C6FAFAFC7173}.Debug|Any CPU.ActiveCfg = Debug|Any CPU
		{E281E8D4-B1AD-4F93-8581-C6FAFAFC7173}.Debug|Any CPU.Build.0 = Debug|Any CPU
		{E281E8D4-B1AD-4F93-8581-C6FAFAFC7173}.Release|Any CPU.ActiveCfg = Release|Any CPU
		{E281E8D4-B1AD-4F93-8581-C6FAFAFC7173}.Release|Any CPU.Build.0 = Release|Any CPU
		{8D8632CC-6E49-4D47-80B6-C313553C7F72}.Debug|Any CPU.ActiveCfg = Debug|Any CPU
		{8D8632CC-6E49-4D47-80B6-C313553C7F72}.Debug|Any CPU.Build.0 = Debug|Any CPU
		{8D8632CC-6E49-4D47-80B6-C313553C7F72}.Release|Any CPU.ActiveCfg = Release|Any CPU
		{8D8632CC-6E49-4D47-80B6-C313553C7F72}.Release|Any CPU.Build.0 = Release|Any CPU
		{AE442C88-1146-48E7-9A7F-8DCE4136A102}.Debug|Any CPU.ActiveCfg = Debug|Any CPU
		{AE442C88-1146-48E7-9A7F-8DCE4136A102}.Debug|Any CPU.Build.0 = Debug|Any CPU
		{AE442C88-1146-48E7-9A7F-8DCE4136A102}.Release|Any CPU.ActiveCfg = Release|Any CPU
		{AE442C88-1146-48E7-9A7F-8DCE4136A102}.Release|Any CPU.Build.0 = Release|Any CPU
	EndGlobalSection
	GlobalSection(SolutionProperties) = preSolution
		HideSolutionNode = FALSE
	EndGlobalSection
	GlobalSection(ExtensibilityGlobals) = postSolution
		SolutionGuid = {2532453B-4E67-4FE7-98B0-7ADFEBBF8D7B}
	EndGlobalSection
EndGlobal
